
Microsoft Visual Studio Solution File, Format Version 12.00
# Visual Studio Version 16
VisualStudioVersion = 16.0.31313.79
MinimumVisualStudioVersion = 10.0.40219.1
Project("{FAE04EC0-301F-11D3-BF4B-00C04F79EFBC}") = "accela", "accela\accela.csproj", "{F724C661-FC02-4A0B-91C8-49CA6D7E5E2D}"
EndProject
Global
	GlobalSection(SolutionConfigurationPlatforms) = preSolution
		Debug|Any CPU = Debug|Any CPU
		Release|Any CPU = Release|Any CPU
	EndGlobalSection
	GlobalSection(ProjectConfigurationPlatforms) = postSolution
		{F724C661-FC02-4A0B-91C8-49CA6D7E5E2D}.Debug|Any CPU.ActiveCfg = Debug|Any CPU
		{F724C661-FC02-4A0B-91C8-49CA6D7E5E2D}.Debug|Any CPU.Build.0 = Debug|Any CPU
		{F724C661-FC02-4A0B-91C8-49CA6D7E5E2D}.Release|Any CPU.ActiveCfg = Release|Any CPU
		{F724C661-FC02-4A0B-91C8-49CA6D7E5E2D}.Release|Any CPU.Build.0 = Release|Any CPU
	EndGlobalSection
	GlobalSection(SolutionProperties) = preSolution
		HideSolutionNode = FALSE
	EndGlobalSection
	GlobalSection(ExtensibilityGlobals) = postSolution
		SolutionGuid = {2177BD4C-1E57-4EE3-AC77-D53FF5876932}
	EndGlobalSection
EndGlobal
